github.com/elastic/go-elasticsearch/v5 v5.6.2-0.20200227094035-c62d51538ff4 h1:0SeTawZou4H4GvXuPpy60Qebi5c5DcFRGVitdtpiEvI=
github.com/elastic/go-elasticsearch/v5 v5.6.2-0.20200227094035-c62d51538ff4/go.mod h1:r7uV7HidpfkYh7D8SB4lkS13TNlNy3oa5GNmTZvuVqY=
github.com/felixge/httpsnoop v1.0.1 h1:lvB5Jl89CsZtGIWuTcDM1E/vkVs49/Ml7JJe07l8SPQ=
github.com/felixge/httpsnoop v1.0.1/go.mod h1:m8KPJKqk1gH5J9DgRY2ASl2lWCfGKXixSwevea8zH2U=
github.com/gorilla/handlers v1.5.2-0.20200912192107-3e030244b4ba h1:nH+5bPhXhPfIG22jpAAyxhe5KWA7hKw+poSbN7r0/8g=
github.com/gorilla/handlers v1.5.2-0.20200912192107-3e030244b4ba/go.mod h1:t8XrUpc4KVXb7HGyJ4/cEnwQiaxrX/hz1Zv/4g96P1Q=
github.com/gorilla/mux v1.8.1-0.20200912192056-d07530f46e1e h1:8+CIGbDW29nl9niCoMrpF8+ACFz3rLRpIjuqnx4rNKg=
github.com/gorilla/mux v1.8.1-0.20200912192056-d07530f46e1e/go.mod h1:DVbg23sWSpFRCP0SfiEN6jmj59UnW/n46BH5rLB71So=
